
Microsoft Visual Studio Solution File, Format Version 12.00
# Visual Studio Version 17
VisualStudioVersion = 17.10.35004.147
MinimumVisualStudioVersion = 10.0.40219.1
Project("{9A19103F-16F7-4668-BE54-9A1E7A4F7556}") = "Middleware", "Middleware.csproj", "{6F4331D4-248E-405D-A58B-C4E3811BDF08}"
EndProject
Global
	GlobalSection(SolutionConfigurationPlatforms) = preSolution
		Debug|Any CPU = Debug|Any CPU
		Release|Any CPU = Release|Any CPU
	EndGlobalSection
	GlobalSection(ProjectConfigurationPlatforms) = postSolution
		{6F4331D4-248E-405D-A58B-C4E3811BDF08}.Debug|Any CPU.ActiveCfg = Debug|Any CPU
		{6F4331D4-248E-405D-A58B-C4E3811BDF08}.Debug|Any CPU.Build.0 = Debug|Any CPU
		{6F4331D4-248E-405D-A58B-C4E3811BDF08}.Release|Any CPU.ActiveCfg = Release|Any CPU
		{6F4331D4-248E-405D-A58B-C4E3811BDF08}.Release|Any CPU.Build.0 = Release|Any CPU
	EndGlobalSection
	GlobalSection(SolutionProperties) = preSolution
		HideSolutionNode = FALSE
	EndGlobalSection
	GlobalSection(ExtensibilityGlobals) = postSolution
		SolutionGuid = {2434B7FA-FEA1-4600-A1A8-0FC672E9842C}
	EndGlobalSection
EndGlobal
